// !$*UTF8*$!
{
	archiveVersion = 1;
	classes = {
	};
	objectVersion = 51;
	objects = {

/* Begin PBXBuildFile section */
		38EFF300D3A93D86029E27A1 /* Pods_Time_Progress.framework in Frameworks */ = {isa = PBXBuildFile; fileRef = 0350F8373A666A8FFF9E65B2 /* Pods_Time_Progress.framework */; };
		4A21BFFB21A3D38000BDC4F9 /* NSButtonLabel.swift in Sources */ = {isa = PBXBuildFile; fileRef = 4A21BFFA21A3D38000BDC4F9 /* NSButtonLabel.swift */; };
		4A6E5A1521A4EEF9000FFA44 /* DateExtensions.swift in Sources */ = {isa = PBXBuildFile; fileRef = 4A6E5A1421A4EEF9000FFA44 /* DateExtensions.swift */; };
		4AE37AE621ADFB0400FFF909 /* Deadline.swift in Sources */ = {isa = PBXBuildFile; fileRef = 4AE37AE521ADFB0400FFF909 /* Deadline.swift */; };
		4AF1127321A2B515005619FB /* AppDelegate.swift in Sources */ = {isa = PBXBuildFile; fileRef = 4AF1127221A2B515005619FB /* AppDelegate.swift */; };
		4AF1127521A2B515005619FB /* Preferences.swift in Sources */ = {isa = PBXBuildFile; fileRef = 4AF1127421A2B515005619FB /* Preferences.swift */; };
		4AF1127721A2B516005619FB /* Assets.xcassets in Resources */ = {isa = PBXBuildFile; fileRef = 4AF1127621A2B516005619FB /* Assets.xcassets */; };
		4AF1127A21A2B517005619FB /* Main.storyboard in Resources */ = {isa = PBXBuildFile; fileRef = 4AF1127821A2B517005619FB /* Main.storyboard */; };
/* End PBXBuildFile section */

/* Begin PBXFileReference section */
		0350F8373A666A8FFF9E65B2 /* Pods_Time_Progress.framework */ = {isa = PBXFileReference; explicitFileType = wrapper.framework; includeInIndex = 0; path = Pods_Time_Progress.framework; sourceTree = BUILT_PRODUCTS_DIR; };
		06F3C8C0178931423963D702 /* Pods-Time Progress.release.xcconfig */ = {isa = PBXFileReference; includeInIndex = 1; lastKnownFileType = text.xcconfig; name = "Pods-Time Progress.release.xcconfig"; path = "Pods/Target Support Files/Pods-Time Progress/Pods-Time Progress.release.xcconfig"; sourceTree = "<group>"; };
		3FAD1B3A332C02F70663B7D2 /* Pods_Year_Progress.framework */ = {isa = PBXFileReference; explicitFileType = wrapper.framework; includeInIndex = 0; path = Pods_Year_Progress.framework; sourceTree = BUILT_PRODUCTS_DIR; };
		4A21BFFA21A3D38000BDC4F9 /* NSButtonLabel.swift */ = {isa = PBXFileReference; lastKnownFileType = sourcecode.swift; path = NSButtonLabel.swift; sourceTree = "<group>"; };
		4A21BFFC21A3D70A00BDC4F9 /* Time Progress.entitlements */ = {isa = PBXFileReference; lastKnownFileType = text.plist.entitlements; path = "Time Progress.entitlements"; sourceTree = "<group>"; };
		4A6E5A1421A4EEF9000FFA44 /* DateExtensions.swift */ = {isa = PBXFileReference; fileEncoding = 4; lastKnownFileType = sourcecode.swift; path = DateExtensions.swift; sourceTree = "<group>"; };
		4A8B4B6B21A64E21001DDC41 /* LaunchAtLogin.framework */ = {isa = PBXFileReference; explicitFileType = wrapper.framework; path = LaunchAtLogin.framework; sourceTree = BUILT_PRODUCTS_DIR; };
		4A8B4B6D21A64EAF001DDC41 /* LaunchAtLogin.framework */ = {isa = PBXFileReference; explicitFileType = wrapper.framework; path = LaunchAtLogin.framework; sourceTree = BUILT_PRODUCTS_DIR; };
		4ACCB55D21A6500E002F3D90 /* LaunchAtLogin.framework */ = {isa = PBXFileReference; explicitFileType = wrapper.framework; path = LaunchAtLogin.framework; sourceTree = BUILT_PRODUCTS_DIR; };
		4AE37AE521ADFB0400FFF909 /* Deadline.swift */ = {isa = PBXFileReference; lastKnownFileType = sourcecode.swift; path = Deadline.swift; sourceTree = "<group>"; };
		4AF1126F21A2B515005619FB /* Time Progress.app */ = {isa = PBXFileReference; explicitFileType = wrapper.application; includeInIndex = 0; path = "Time Progress.app"; sourceTree = BUILT_PRODUCTS_DIR; };
		4AF1127221A2B515005619FB /* AppDelegate.swift */ = {isa = PBXFileReference; lastKnownFileType = sourcecode.swift; path = AppDelegate.swift; sourceTree = "<group>"; };
		4AF1127421A2B515005619FB /* Preferences.swift */ = {isa = PBXFileReference; lastKnownFileType = sourcecode.swift; path = Preferences.swift; sourceTree = "<group>"; };
		4AF1127621A2B516005619FB /* Assets.xcassets */ = {isa = PBXFileReference; lastKnownFileType = folder.assetcatalog; path = Assets.xcassets; sourceTree = "<group>"; };
		4AF1127921A2B517005619FB /* Base */ = {isa = PBXFileReference; lastKnownFileType = file.storyboard; name = Base; path = Base.lproj/Main.storyboard; sourceTree = "<group>"; };
		4AF1127B21A2B517005619FB /* Info.plist */ = {isa = PBXFileReference; lastKnownFileType = text.plist.xml; path = Info.plist; sourceTree = "<group>"; };
		4AF1128221A2D2A5005619FB /* ProgressKit.framework */ = {isa = PBXFileReference; explicitFileType = wrapper.framework; path = ProgressKit.framework; sourceTree = BUILT_PRODUCTS_DIR; };
		4B61F577492723CAB713CA2A /* Pods-Time Progress.debug.xcconfig */ = {isa = PBXFileReference; includeInIndex = 1; lastKnownFileType = text.xcconfig; name = "Pods-Time Progress.debug.xcconfig"; path = "Pods/Target Support Files/Pods-Time Progress/Pods-Time Progress.debug.xcconfig"; sourceTree = "<group>"; };
		A62FE1F5C08DC2411C37AB28 /* Pods-Year Progress.debug.xcconfig */ = {isa = PBXFileReference; includeInIndex = 1; lastKnownFileType = text.xcconfig; name = "Pods-Year Progress.debug.xcconfig"; path = "Pods/Target Support Files/Pods-Year Progress/Pods-Year Progress.debug.xcconfig"; sourceTree = "<group>"; };
		D1EAD71FEF2CD3CE5C6EF873 /* Pods-Year Progress.release.xcconfig */ = {isa = PBXFileReference; includeInIndex = 1; lastKnownFileType = text.xcconfig; name = "Pods-Year Progress.release.xcconfig"; path = "Pods/Target Support Files/Pods-Year Progress/Pods-Year Progress.release.xcconfig"; sourceTree = "<group>"; };
/* End PBXFileReference section */

/* Begin PBXFrameworksBuildPhase section */
		4AF1126C21A2B515005619FB /* Frameworks */ = {
			isa = PBXFrameworksBuildPhase;
			buildActionMask = 2147483647;
			files = (
				38EFF300D3A93D86029E27A1 /* Pods_Time_Progress.framework in Frameworks */,
			);
			runOnlyForDeploymentPostprocessing = 0;
		};
/* End PBXFrameworksBuildPhase section */

/* Begin PBXGroup section */
		4AF1126621A2B515005619FB = {
			isa = PBXGroup;
			children = (
				4AF1127121A2B515005619FB /* Time Progress */,
				4AF1127021A2B515005619FB /* Products */,
				C61629EB59445CC771FE1242 /* Pods */,
				CC25500D89D528573CFBBABA /* Frameworks */,
			);
			sourceTree = "<group>";
		};
		4AF1127021A2B515005619FB /* Products */ = {
			isa = PBXGroup;
			children = (
				4AF1126F21A2B515005619FB /* Time Progress.app */,
			);
			name = Products;
			sourceTree = "<group>";
		};
		4AF1127121A2B515005619FB /* Time Progress */ = {
			isa = PBXGroup;
			children = (
				4A21BFFC21A3D70A00BDC4F9 /* Time Progress.entitlements */,
				4AF1127221A2B515005619FB /* AppDelegate.swift */,
				4AF1127421A2B515005619FB /* Preferences.swift */,
				4A6E5A1421A4EEF9000FFA44 /* DateExtensions.swift */,
				4AF1127621A2B516005619FB /* Assets.xcassets */,
				4AF1127821A2B517005619FB /* Main.storyboard */,
				4AE37AE521ADFB0400FFF909 /* Deadline.swift */,
				4AF1127B21A2B517005619FB /* Info.plist */,
				4A21BFFA21A3D38000BDC4F9 /* NSButtonLabel.swift */,
			);
			path = "Time Progress";
			sourceTree = "<group>";
		};
		C61629EB59445CC771FE1242 /* Pods */ = {
			isa = PBXGroup;
			children = (
				A62FE1F5C08DC2411C37AB28 /* Pods-Year Progress.debug.xcconfig */,
				D1EAD71FEF2CD3CE5C6EF873 /* Pods-Year Progress.release.xcconfig */,
				4B61F577492723CAB713CA2A /* Pods-Time Progress.debug.xcconfig */,
				06F3C8C0178931423963D702 /* Pods-Time Progress.release.xcconfig */,
			);
			name = Pods;
			sourceTree = "<group>";
		};
		CC25500D89D528573CFBBABA /* Frameworks */ = {
			isa = PBXGroup;
			children = (
				4ACCB55D21A6500E002F3D90 /* LaunchAtLogin.framework */,
				4A8B4B6D21A64EAF001DDC41 /* LaunchAtLogin.framework */,
				4A8B4B6B21A64E21001DDC41 /* LaunchAtLogin.framework */,
				4AF1128221A2D2A5005619FB /* ProgressKit.framework */,
				3FAD1B3A332C02F70663B7D2 /* Pods_Year_Progress.framework */,
				0350F8373A666A8FFF9E65B2 /* Pods_Time_Progress.framework */,
			);
			name = Frameworks;
			sourceTree = "<group>";
		};
/* End PBXGroup section */

/* Begin PBXNativeTarget section */
		4AF1126E21A2B515005619FB /* Time Progress */ = {
			isa = PBXNativeTarget;
			buildConfigurationList = 4AF1127F21A2B517005619FB /* Build configuration list for PBXNativeTarget "Time Progress" */;
			buildPhases = (
				3D03DCD4B6B805022553CFCA /* [CP] Check Pods Manifest.lock */,
				4AF1126B21A2B515005619FB /* Sources */,
				4AF1126C21A2B515005619FB /* Frameworks */,
				4AF1126D21A2B515005619FB /* Resources */,
				8CA1DE72DFD7F684DC75F82B /* [CP] Embed Pods Frameworks */,
			);
			buildRules = (
			);
			dependencies = (
			);
			name = "Time Progress";
			productName = "Year Progress";
			productReference = 4AF1126F21A2B515005619FB /* Time Progress.app */;
			productType = "com.apple.product-type.application";
		};
/* End PBXNativeTarget section */

/* Begin PBXProject section */
		4AF1126721A2B515005619FB /* Project object */ = {
			isa = PBXProject;
			attributes = {
				LastSwiftUpdateCheck = 1010;
				LastUpgradeCheck = 1130;
				ORGANIZATIONNAME = "Brian Valente";
				TargetAttributes = {
					4AF1126E21A2B515005619FB = {
						CreatedOnToolsVersion = 10.1;
						LastSwiftMigration = 1130;
						SystemCapabilities = {
							com.apple.Sandbox = {
								enabled = 1;
							};
						};
					};
				};
			};
			buildConfigurationList = 4AF1126A21A2B515005619FB /* Build configuration list for PBXProject "Time Progress" */;
			compatibilityVersion = "Xcode 9.3";
			developmentRegion = en;
			hasScannedForEncodings = 0;
			knownRegions = (
				en,
				Base,
			);
			mainGroup = 4AF1126621A2B515005619FB;
			productRefGroup = 4AF1127021A2B515005619FB /* Products */;
			projectDirPath = "";
			projectRoot = "";
			targets = (
				4AF1126E21A2B515005619FB /* Time Progress */,
			);
		};
/* End PBXProject section */

/* Begin PBXResourcesBuildPhase section */
		4AF1126D21A2B515005619FB /* Resources */ = {
			isa = PBXResourcesBuildPhase;
			buildActionMask = 2147483647;
			files = (
				4AF1127721A2B516005619FB /* Assets.xcassets in Resources */,
				4AF1127A21A2B517005619FB /* Main.storyboard in Resources */,
			);
			runOnlyForDeploymentPostprocessing = 0;
		};
/* End PBXResourcesBuildPhase section */

/* Begin PBXShellScriptBuildPhase section */
		3D03DCD4B6B805022553CFCA /* [CP] Check Pods Manifest.lock */ = {
			isa = PBXShellScriptBuildPhase;
			buildActionMask = 2147483647;
			files = (
			);
			inputPaths = (
				"${PODS_PODFILE_DIR_PATH}/Podfile.lock",
				"${PODS_ROOT}/Manifest.lock",
			);
			name = "[CP] Check Pods Manifest.lock";
			outputPaths = (
				"$(DERIVED_FILE_DIR)/Pods-Time Progress-checkManifestLockResult.txt",
			);
			runOnlyForDeploymentPostprocessing = 0;
			shellPath = /bin/sh;
			shellScript = "diff \"${PODS_PODFILE_DIR_PATH}/Podfile.lock\" \"${PODS_ROOT}/Manifest.lock\" > /dev/null\nif [ $? != 0 ] ; then\n    # print error to STDERR\n    echo \"error: The sandbox is not in sync with the Podfile.lock. Run 'pod install' or update your CocoaPods installation.\" >&2\n    exit 1\nfi\n# This output is used by Xcode 'outputs' to avoid re-running this script phase.\necho \"SUCCESS\" > \"${SCRIPT_OUTPUT_FILE_0}\"\n";
			showEnvVarsInLog = 0;
		};
		8CA1DE72DFD7F684DC75F82B /* [CP] Embed Pods Frameworks */ = {
			isa = PBXShellScriptBuildPhase;
			buildActionMask = 2147483647;
			files = (
			);
			inputFileListPaths = (
				"${PODS_ROOT}/Target Support Files/Pods-Time Progress/Pods-Time Progress-frameworks-${CONFIGURATION}-input-files.xcfilelist",
			);
			name = "[CP] Embed Pods Frameworks";
			outputFileListPaths = (
				"${PODS_ROOT}/Target Support Files/Pods-Time Progress/Pods-Time Progress-frameworks-${CONFIGURATION}-output-files.xcfilelist",
			);
			runOnlyForDeploymentPostprocessing = 0;
			shellPath = /bin/sh;
			shellScript = "\"${PODS_ROOT}/Target Support Files/Pods-Time Progress/Pods-Time Progress-frameworks.sh\"\n";
			showEnvVarsInLog = 0;
		};
/* End PBXShellScriptBuildPhase section */

/* Begin PBXSourcesBuildPhase section */
		4AF1126B21A2B515005619FB /* Sources */ = {
			isa = PBXSourcesBuildPhase;
			buildActionMask = 2147483647;
			files = (
				4AE37AE621ADFB0400FFF909 /* Deadline.swift in Sources */,
				4AF1127521A2B515005619FB /* Preferences.swift in Sources */,
				4A6E5A1521A4EEF9000FFA44 /* DateExtensions.swift in Sources */,
				4A21BFFB21A3D38000BDC4F9 /* NSButtonLabel.swift in Sources */,
				4AF1127321A2B515005619FB /* AppDelegate.swift in Sources */,
			);
			runOnlyForDeploymentPostprocessing = 0;
		};
/* End PBXSourcesBuildPhase section */

/* Begin PBXVariantGroup section */
		4AF1127821A2B517005619FB /* Main.storyboard */ = {
			isa = PBXVariantGroup;
			children = (
				4AF1127921A2B517005619FB /* Base */,
			);
			name = Main.storyboard;
			sourceTree = "<group>";
		};
/* End PBXVariantGroup section */

/* Begin XCBuildConfiguration section */
		4AF1127D21A2B517005619FB /* Debug */ = {
			isa = XCBuildConfiguration;
			buildSettings = {
				ALWAYS_SEARCH_USER_PATHS = NO;
				CLANG_ANALYZER_NONNULL = YES;
				CLANG_ANALYZER_NUMBER_OBJECT_CONVERSION = YES_AGGRESSIVE;
				CLANG_CXX_LANGUAGE_STANDARD = "gnu++14";
				CLANG_CXX_LIBRARY = "libc++";
				CLANG_ENABLE_MODULES = YES;
				CLANG_ENABLE_OBJC_ARC = YES;
				CLANG_ENABLE_OBJC_WEAK = YES;
				CLANG_WARN_BLOCK_CAPTURE_AUTORELEASING = YES;
				CLANG_WARN_BOOL_CONVERSION = YES;
				CLANG_WARN_COMMA = YES;
				CLANG_WARN_CONSTANT_CONVERSION = YES;
				CLANG_WARN_DEPRECATED_OBJC_IMPLEMENTATIONS = YES;
				CLANG_WARN_DIRECT_OBJC_ISA_USAGE = YES_ERROR;
				CLANG_WARN_DOCUMENTATION_COMMENTS = YES;
				CLANG_WARN_EMPTY_BODY = YES;
				CLANG_WARN_ENUM_CONVERSION = YES;
				CLANG_WARN_INFINITE_RECURSION = YES;
				CLANG_WARN_INT_CONVERSION = YES;
				CLANG_WARN_NON_LITERAL_NULL_CONVERSION = YES;
				CLANG_WARN_OBJC_IMPLICIT_RETAIN_SELF = YES;
				CLANG_WARN_OBJC_LITERAL_CONVERSION = YES;
				CLANG_WARN_OBJC_ROOT_CLASS = YES_ERROR;
				CLANG_WARN_RANGE_LOOP_ANALYSIS = YES;
				CLANG_WARN_STRICT_PROTOTYPES = YES;
				CLANG_WARN_SUSPICIOUS_MOVE = YES;
				CLANG_WARN_UNGUARDED_AVAILABILITY = YES_AGGRESSIVE;
				CLANG_WARN_UNREACHABLE_CODE = YES;
				CLANG_WARN__DUPLICATE_METHOD_MATCH = YES;
				CODE_SIGN_IDENTITY = "Mac Developer";
				COPY_PHASE_STRIP = NO;
				DEBUG_INFORMATION_FORMAT = dwarf;
				ENABLE_STRICT_OBJC_MSGSEND = YES;
				ENABLE_TESTABILITY = YES;
				GCC_C_LANGUAGE_STANDARD = gnu11;
				GCC_DYNAMIC_NO_PIC = NO;
				GCC_NO_COMMON_BLOCKS = YES;
				GCC_OPTIMIZATION_LEVEL = 0;
				GCC_PREPROCESSOR_DEFINITIONS = (
					"DEBUG=1",
					"$(inherited)",
				);
				GCC_WARN_64_TO_32_BIT_CONVERSION = YES;
				GCC_WARN_ABOUT_RETURN_TYPE = YES_ERROR;
				GCC_WARN_UNDECLARED_SELECTOR = YES;
				GCC_WARN_UNINITIALIZED_AUTOS = YES_AGGRESSIVE;
				GCC_WARN_UNUSED_FUNCTION = YES;
				GCC_WARN_UNUSED_VARIABLE = YES;
				MACOSX_DEPLOYMENT_TARGET = 10.14;
				MTL_ENABLE_DEBUG_INFO = INCLUDE_SOURCE;
				MTL_FAST_MATH = YES;
				ONLY_ACTIVE_ARCH = YES;
				SDKROOT = macosx;
				SWIFT_ACTIVE_COMPILATION_CONDITIONS = DEBUG;
				SWIFT_OPTIMIZATION_LEVEL = "-Onone";
			};
			name = Debug;
		};
		4AF1127E21A2B517005619FB /* Release */ = {
			isa = XCBuildConfiguration;
			buildSettings = {
				ALWAYS_SEARCH_USER_PATHS = NO;
				CLANG_ANALYZER_NONNULL = YES;
				CLANG_ANALYZER_NUMBER_OBJECT_CONVERSION = YES_AGGRESSIVE;
				CLANG_CXX_LANGUAGE_STANDARD = "gnu++14";
				CLANG_CXX_LIBRARY = "libc++";
				CLANG_ENABLE_MODULES = YES;
				CLANG_ENABLE_OBJC_ARC = YES;
				CLANG_ENABLE_OBJC_WEAK = YES;
				CLANG_WARN_BLOCK_CAPTURE_AUTORELEASING = YES;
				CLANG_WARN_BOOL_CONVERSION = YES;
				CLANG_WARN_COMMA = YES;
				CLANG_WARN_CONSTANT_CONVERSION = YES;
				CLANG_WARN_DEPRECATED_OBJC_IMPLEMENTATIONS = YES;
				CLANG_WARN_DIRECT_OBJC_ISA_USAGE = YES_ERROR;
				CLANG_WARN_DOCUMENTATION_COMMENTS = YES;
				CLANG_WARN_EMPTY_BODY = YES;
				CLANG_WARN_ENUM_CONVERSION = YES;
				CLANG_WARN_INFINITE_RECURSION = YES;
				CLANG_WARN_INT_CONVERSION = YES;
				CLANG_WARN_NON_LITERAL_NULL_CONVERSION = YES;
				CLANG_WARN_OBJC_IMPLICIT_RETAIN_SELF = YES;
				CLANG_WARN_OBJC_LITERAL_CONVERSION = YES;
				CLANG_WARN_OBJC_ROOT_CLASS = YES_ERROR;
				CLANG_WARN_RANGE_LOOP_ANALYSIS = YES;
				CLANG_WARN_STRICT_PROTOTYPES = YES;
				CLANG_WARN_SUSPICIOUS_MOVE = YES;
				CLANG_WARN_UNGUARDED_AVAILABILITY = YES_AGGRESSIVE;
				CLANG_WARN_UNREACHABLE_CODE = YES;
				CLANG_WARN__DUPLICATE_METHOD_MATCH = YES;
				CODE_SIGN_IDENTITY = "Mac Developer";
				COPY_PHASE_STRIP = NO;
				DEBUG_INFORMATION_FORMAT = "dwarf-with-dsym";
				ENABLE_NS_ASSERTIONS = NO;
				ENABLE_STRICT_OBJC_MSGSEND = YES;
				GCC_C_LANGUAGE_STANDARD = gnu11;
				GCC_NO_COMMON_BLOCKS = YES;
				GCC_WARN_64_TO_32_BIT_CONVERSION = YES;
				GCC_WARN_ABOUT_RETURN_TYPE = YES_ERROR;
				GCC_WARN_UNDECLARED_SELECTOR = YES;
				GCC_WARN_UNINITIALIZED_AUTOS = YES_AGGRESSIVE;
				GCC_WARN_UNUSED_FUNCTION = YES;
				GCC_WARN_UNUSED_VARIABLE = YES;
				MACOSX_DEPLOYMENT_TARGET = 10.14;
				MTL_ENABLE_DEBUG_INFO = NO;
				MTL_FAST_MATH = YES;
				SDKROOT = macosx;
				SWIFT_COMPILATION_MODE = wholemodule;
				SWIFT_OPTIMIZATION_LEVEL = "-O";
			};
			name = Release;
		};
		4AF1128021A2B517005619FB /* Debug */ = {
			isa = XCBuildConfiguration;
			baseConfigurationReference = 4B61F577492723CAB713CA2A /* Pods-Time Progress.debug.xcconfig */;
			buildSettings = {
				ASSETCATALOG_COMPILER_APPICON_NAME = AppIcon;
				CODE_SIGN_ENTITLEMENTS = "Time Progress/Time Progress.entitlements";
				CODE_SIGN_IDENTITY = "Mac Developer";
				CODE_SIGN_STYLE = Automatic;
				COMBINE_HIDPI_IMAGES = YES;
				CURRENT_PROJECT_VERSION = 9;
				DEVELOPMENT_TEAM = 774TKFHL7M;
				ENABLE_HARDENED_RUNTIME = YES;
				INFOPLIST_FILE = "Time Progress/Info.plist";
				LD_RUNPATH_SEARCH_PATHS = (
					"$(inherited)",
					"@executable_path/../Frameworks",
				);
				MACOSX_DEPLOYMENT_TARGET = 10.14;
				MARKETING_VERSION = 0.9;
				PRODUCT_BUNDLE_IDENTIFIER = com.brianvalente.Progress;
				PRODUCT_NAME = "$(TARGET_NAME)";
				PROVISIONING_PROFILE_SPECIFIER = "";
				SWIFT_VERSION = 5.0;
			};
			name = Debug;
		};
		4AF1128121A2B517005619FB /* Release */ = {
			isa = XCBuildConfiguration;
			baseConfigurationReference = 06F3C8C0178931423963D702 /* Pods-Time Progress.release.xcconfig */;
			buildSettings = {
				ASSETCATALOG_COMPILER_APPICON_NAME = AppIcon;
				CODE_SIGN_ENTITLEMENTS = "Time Progress/Time Progress.entitlements";
				CODE_SIGN_IDENTITY = "Mac Developer";
				CODE_SIGN_STYLE = Automatic;
				COMBINE_HIDPI_IMAGES = YES;
				CURRENT_PROJECT_VERSION = 9;
				DEVELOPMENT_TEAM = 774TKFHL7M;
				ENABLE_HARDENED_RUNTIME = YES;
				INFOPLIST_FILE = "Time Progress/Info.plist";
				LD_RUNPATH_SEARCH_PATHS = (
					"$(inherited)",
					"@executable_path/../Frameworks",
				);
				MACOSX_DEPLOYMENT_TARGET = 10.14;
				MARKETING_VERSION = 0.9;
				PRODUCT_BUNDLE_IDENTIFIER = com.brianvalente.Progress;
				PRODUCT_NAME = "$(TARGET_NAME)";
				PROVISIONING_PROFILE_SPECIFIER = "";
				SWIFT_VERSION = 5.0;
			};
			name = Release;
		};
/* End XCBuildConfiguration section */

/* Begin XCConfigurationList section */
		4AF1126A21A2B515005619FB /* Build configuration list for PBXProject "Time Progress" */ = {
			isa = XCConfigurationList;
			buildConfigurations = (
				4AF1127D21A2B517005619FB /* Debug */,
				4AF1127E21A2B517005619FB /* Release */,
			);
			defaultConfigurationIsVisible = 0;
			defaultConfigurationName = Release;
		};
		4AF1127F21A2B517005619FB /* Build configuration list for PBXNativeTarget "Time Progress" */ = {
			isa = XCConfigurationList;
			buildConfigurations = (
				4AF1128021A2B517005619FB /* Debug */,
				4AF1128121A2B517005619FB /* Release */,
			);
			defaultConfigurationIsVisible = 0;
			defaultConfigurationName = Release;
		};
/* End XCConfigurationList section */
	};
	rootObject = 4AF1126721A2B515005619FB /* Project object */;
}
